
Microsoft Visual Studio Solution File, Format Version 12.00
# Visual Studio Version 16
VisualStudioVersion = 16.0.29418.71
MinimumVisualStudioVersion = 10.0.40219.1
Project("{8BC9CEB8-8B4A-11D0-8D11-00A0C91BC942}") = "MathFuncsLib", "MathFuncsLib\MathFuncsLib.vcxproj", "{1EB76844-E934-491D-ADD1-25A9C7BAAF0E}"
EndProject
Project("{8BC9CEB8-8B4A-11D0-8D11-00A0C91BC942}") = "MyExecRefsLib", "MyExecRefsLib\MyExecRefsLib.vcxproj", "{8F7B34DF-239F-4EFE-B056-DFD2B6F62743}"
EndProject
Global
	GlobalSection(SolutionConfigurationPlatforms) = preSolution
		Debug|x64 = Debug|x64
		Debug|x86 = Debug|x86
		Release|x64 = Release|x64
		Release|x86 = Release|x86
	EndGlobalSection
	GlobalSection(ProjectConfigurationPlatforms) = postSolution
		{1EB76844-E934-491D-ADD1-25A9C7BAAF0E}.Debug|x64.ActiveCfg = Debug|x64
		{1EB76844-E934-491D-ADD1-25A9C7BAAF0E}.Debug|x64.Build.0 = Debug|x64
		{1EB76844-E934-491D-ADD1-25A9C7BAAF0E}.Debug|x86.ActiveCfg = Debug|Win32
		{1EB76844-E934-491D-ADD1-25A9C7BAAF0E}.Debug|x86.Build.0 = Debug|Win32
		{1EB76844-E934-491D-ADD1-25A9C7BAAF0E}.Release|x64.ActiveCfg = Release|x64
		{1EB76844-E934-491D-ADD1-25A9C7BAAF0E}.Release|x64.Build.0 = Release|x64
		{1EB76844-E934-491D-ADD1-25A9C7BAAF0E}.Release|x86.ActiveCfg = Release|Win32
		{1EB76844-E934-491D-ADD1-25A9C7BAAF0E}.Release|x86.Build.0 = Release|Win32
		{8F7B34DF-239F-4EFE-B056-DFD2B6F62743}.Debug|x64.ActiveCfg = Debug|x64
		{8F7B34DF-239F-4EFE-B056-DFD2B6F62743}.Debug|x64.Build.0 = Debug|x64
		{8F7B34DF-239F-4EFE-B056-DFD2B6F62743}.Debug|x86.ActiveCfg = Debug|Win32
		{8F7B34DF-239F-4EFE-B056-DFD2B6F62743}.Debug|x86.Build.0 = Debug|Win32
		{8F7B34DF-239F-4EFE-B056-DFD2B6F62743}.Release|x64.ActiveCfg = Release|x64
		{8F7B34DF-239F-4EFE-B056-DFD2B6F62743}.Release|x64.Build.0 = Release|x64
		{8F7B34DF-239F-4EFE-B056-DFD2B6F62743}.Release|x86.ActiveCfg = Release|Win32
		{8F7B34DF-239F-4EFE-B056-DFD2B6F62743}.Release|x86.Build.0 = Release|Win32
	EndGlobalSection
	GlobalSection(SolutionProperties) = preSolution
		HideSolutionNode = FALSE
	EndGlobalSection
	GlobalSection(ExtensibilityGlobals) = postSolution
		SolutionGuid = {378BF4F8-B80E-4F07-ACD2-01EC88D5595A}
	EndGlobalSection
EndGlobal
